{
  "name": "ssm-shared-lib",
  "version": "1.0.0",
  "lockfileVersion": 3,
  "requires": true,
  "packages": {
    "": {
      "name": "ssm-shared-lib",
      "version": "1.0.0",
      "dependencies": {
        "typescript": "^5.4.5"
      },
      "devDependencies": {
        "@types/dockerode": "^3.3.28"
      }
    },
    "node_modules/@types/docker-modem": {
      "version": "3.0.6",
      "resolved": "https://registry.npmjs.org/@types/docker-modem/-/docker-modem-3.0.6.tgz",
      "integrity": "sha512-yKpAGEuKRSS8wwx0joknWxsmLha78wNMe9R2S3UNsVOkZded8UqOrV8KoeDXoXsjndxwyF3eIhyClGbO1SEhEg==",
      "dev": true,
      "dependencies": {
        "@types/node": "*",
        "@types/ssh2": "*"
      }
    },
    "node_modules/@types/dockerode": {
      "version": "3.3.28",
      "resolved": "https://registry.npmjs.org/@types/dockerode/-/dockerode-3.3.28.tgz",
      "integrity": "sha512-RjY96chW88t2QvSebCsec+mQYo3/nyOr+/tVcE+0ynlOg2m/i9wPE52DhptzF75QDlhv2uDYVPqKfHKeGTn6Fg==",
      "dev": true,
      "dependencies": {
        "@types/docker-modem": "*",
        "@types/node": "*",
        "@types/ssh2": "*"
      }
    },
    "node_modules/@types/node": {
      "version": "20.12.7",
      "resolved": "https://registry.npmjs.org/@types/node/-/node-20.12.7.tgz",
      "integrity": "sha512-wq0cICSkRLVaf3UGLMGItu/PtdY7oaXaI/RVU+xliKVOtRna3PRY57ZDfztpDL0n11vfymMUnXv8QwYCO7L1wg==",
      "dev": true,
      "dependencies": {
        "undici-types": "~5.26.4"
      }
    },
    "node_modules/@types/ssh2": {
      "version": "1.15.0",
      "resolved": "https://registry.npmjs.org/@types/ssh2/-/ssh2-1.15.0.tgz",
      "integrity": "sha512-YcT8jP5F8NzWeevWvcyrrLB3zcneVjzYY9ZDSMAMboI+2zR1qYWFhwsyOFVzT7Jorn67vqxC0FRiw8YyG9P1ww==",
      "dev": true,
      "dependencies": {
        "@types/node": "^18.11.18"
      }
    },
    "node_modules/@types/ssh2/node_modules/@types/node": {
      "version": "18.19.31",
      "resolved": "https://registry.npmjs.org/@types/node/-/node-18.19.31.tgz",
      "integrity": "sha512-ArgCD39YpyyrtFKIqMDvjz79jto5fcI/SVUs2HwB+f0dAzq68yqOdyaSivLiLugSziTpNXLQrVb7RZFmdZzbhA==",
      "dev": true,
      "dependencies": {
        "undici-types": "~5.26.4"
      }
    },
    "node_modules/typescript": {
      "version": "5.4.5",
      "resolved": "https://registry.npmjs.org/typescript/-/typescript-5.4.5.tgz",
      "integrity": "sha512-vcI4UpRgg81oIRUFwR0WSIHKt11nJ7SAVlYNIu+QpqeyXP+gpQJy/Z4+F0aGxSE4MqwjyXvW/TzgkLAx2AGHwQ==",
      "bin": {
        "tsc": "bin/tsc",
        "tsserver": "bin/tsserver"
      },
      "engines": {
        "node": ">=14.17"
      }
    },
    "node_modules/undici-types": {
      "version": "5.26.5",
      "resolved": "https://registry.npmjs.org/undici-types/-/undici-types-5.26.5.tgz",
      "integrity": "sha512-JlCMO+ehdEIKqlFxk6IfVoAUVmgz7cU7zD/h9XZ0qzeosSHmUJVOzSQvvYSYWXkFXC+IfLKSIffhv0sVZup6pA==",
      "dev": true
    }
  }
}
